
Microsoft Visual Studio Solution File, Format Version 12.00
# Visual Studio Version 17
VisualStudioVersion = 17.2.32630.192
MinimumVisualStudioVersion = 10.0.40219.1
Project("{FAE04EC0-301F-11D3-BF4B-00C04F79EFBC}") = "FinanceManagement", "FinanceManagement.csproj", "{238C9D24-FA0E-41A5-8FA7-6137FF17EB55}"
EndProject
Global
	GlobalSection(SolutionConfigurationPlatforms) = preSolution
		Debug|Any CPU = Debug|Any CPU
		Release|Any CPU = Release|Any CPU
	EndGlobalSection
	GlobalSection(ProjectConfigurationPlatforms) = postSolution
		{238C9D24-FA0E-41A5-8FA7-6137FF17EB55}.Debug|Any CPU.ActiveCfg = Debug|Any CPU
		{238C9D24-FA0E-41A5-8FA7-6137FF17EB55}.Debug|Any CPU.Build.0 = Debug|Any CPU
		{238C9D24-FA0E-41A5-8FA7-6137FF17EB55}.Release|Any CPU.ActiveCfg = Release|Any CPU
		{238C9D24-FA0E-41A5-8FA7-6137FF17EB55}.Release|Any CPU.Build.0 = Release|Any CPU
	EndGlobalSection
	GlobalSection(SolutionProperties) = preSolution
		HideSolutionNode = FALSE
	EndGlobalSection
	GlobalSection(ExtensibilityGlobals) = postSolution
		SolutionGuid = {79621541-1AB0-4948-95AA-90ACC2B07A42}
	EndGlobalSection
EndGlobal
